
Microsoft Visual Studio Solution File, Format Version 12.00
# Visual Studio Version 16
VisualStudioVersion = 16.0.30104.148
MinimumVisualStudioVersion = 10.0.40219.1
Project("{8BC9CEB8-8B4A-11D0-8D11-00A0C91BC942}") = "BlankProject", "BlankProject\BlankProject.vcxproj", "{16CD0309-88C2-4FBF-9831-FB52C830D384}"
EndProject
Global
	GlobalSection(SolutionConfigurationPlatforms) = preSolution
		Debug|x64 = Debug|x64
		Release|x64 = Release|x64
	EndGlobalSection
	GlobalSection(ProjectConfigurationPlatforms) = postSolution
		{16CD0309-88C2-4FBF-9831-FB52C830D384}.Debug|x64.ActiveCfg = Debug|x64
		{16CD0309-88C2-4FBF-9831-FB52C830D384}.Debug|x64.Build.0 = Debug|x64
		{16CD0309-88C2-4FBF-9831-FB52C830D384}.Release|x64.ActiveCfg = Release|x64
		{16CD0309-88C2-4FBF-9831-FB52C830D384}.Release|x64.Build.0 = Release|x64
	EndGlobalSection
	GlobalSection(SolutionProperties) = preSolution
		HideSolutionNode = FALSE
	EndGlobalSection
	GlobalSection(ExtensibilityGlobals) = postSolution
		SolutionGuid = {4E29D376-4D92-4608-AA6D-7E616A742E99}
	EndGlobalSection
EndGlobal
